
Microsoft Visual Studio Solution File, Format Version 12.00
# Visual Studio Version 17
VisualStudioVersion = 17.6.33723.286
MinimumVisualStudioVersion = 10.0.40219.1
Project("{FAE04EC0-301F-11D3-BF4B-00C04F79EFBC}") = "Calculadora simples", "Calculadora simples\Calculadora simples.csproj", "{A5BD15A0-95ED-457D-A79F-B16E4B90675A}"
EndProject
Global
	GlobalSection(SolutionConfigurationPlatforms) = preSolution
		Debug|Any CPU = Debug|Any CPU
		Release|Any CPU = Release|Any CPU
	EndGlobalSection
	GlobalSection(ProjectConfigurationPlatforms) = postSolution
		{A5BD15A0-95ED-457D-A79F-B16E4B90675A}.Debug|Any CPU.ActiveCfg = Debug|Any CPU
		{A5BD15A0-95ED-457D-A79F-B16E4B90675A}.Debug|Any CPU.Build.0 = Debug|Any CPU
		{A5BD15A0-95ED-457D-A79F-B16E4B90675A}.Release|Any CPU.ActiveCfg = Release|Any CPU
		{A5BD15A0-95ED-457D-A79F-B16E4B90675A}.Release|Any CPU.Build.0 = Release|Any CPU
	EndGlobalSection
	GlobalSection(SolutionProperties) = preSolution
		HideSolutionNode = FALSE
	EndGlobalSection
	GlobalSection(ExtensibilityGlobals) = postSolution
		SolutionGuid = {8C28AF69-54EC-474F-AD1E-6E65F9FF42EC}
	EndGlobalSection
EndGlobal
